{
  "name": "algolia-search",
  "version": "1.0.0",
  "lockfileVersion": 3,
  "requires": true,
  "packages": {
    "": {
      "name": "algolia-search",
      "version": "1.0.0",
      "license": "ISC",
      "dependencies": {
        "algoliasearch": "^4.14.3",
        "cheerio": "^1.0.0"
      }
    },
    "node_modules/@algolia/cache-browser-local-storage": {
      "version": "4.14.3",
      "resolved": "https://registry.npmjs.org/@algolia/cache-browser-local-storage/-/cache-browser-local-storage-4.14.3.tgz",
      "integrity": "sha512-hWH1yCxgG3+R/xZIscmUrWAIBnmBFHH5j30fY/+aPkEZWt90wYILfAHIOZ1/Wxhho5SkPfwFmT7ooX2d9JeQBw==",
      "license": "MIT",
      "dependencies": {
        "@algolia/cache-common": "4.14.3"
      }
    },
    "node_modules/@algolia/cache-common": {
      "version": "4.14.3",
      "resolved": "https://registry.npmjs.org/@algolia/cache-common/-/cache-common-4.14.3.tgz",
      "integrity": "sha512-oZJofOoD9FQOwiGTzyRnmzvh3ZP8WVTNPBLH5xU5JNF7drDbRT0ocVT0h/xB2rPHYzOeXRrLaQQBwRT/CKom0Q==",
      "license": "MIT"
    },
    "node_modules/@algolia/cache-in-memory": {
      "version": "4.14.3",
      "resolved": "https://registry.npmjs.org/@algolia/cache-in-memory/-/cache-in-memory-4.14.3.tgz",
      "integrity": "sha512-ES0hHQnzWjeioLQf5Nq+x1AWdZJ50znNPSH3puB/Y4Xsg4Av1bvLmTJe7SY2uqONaeMTvL0OaVcoVtQgJVw0vg==",
      "license": "MIT",
      "dependencies": {
        "@algolia/cache-common": "4.14.3"
      }
    },
    "node_modules/@algolia/client-account": {
      "version": "4.14.3",
      "resolved": "https://registry.npmjs.org/@algolia/client-account/-/client-account-4.14.3.tgz",
      "integrity": "sha512-PBcPb0+f5Xbh5UfLZNx2Ow589OdP8WYjB4CnvupfYBrl9JyC1sdH4jcq/ri8osO/mCZYjZrQsKAPIqW/gQmizQ==",
      "license": "MIT",
      "dependencies": {
        "@algolia/client-common": "4.14.3",
        "@algolia/client-search": "4.14.3",
        "@algolia/transporter": "4.14.3"
      }
    },
    "node_modules/@algolia/client-analytics": {
      "version": "4.14.3",
      "resolved": "https://registry.npmjs.org/@algolia/client-analytics/-/client-analytics-4.14.3.tgz",
      "integrity": "sha512-eAwQq0Hb/aauv9NhCH5Dp3Nm29oFx28sayFN2fdOWemwSeJHIl7TmcsxVlRsO50fsD8CtPcDhtGeD3AIFLNvqw==",
      "license": "MIT",
      "dependencies": {
        "@algolia/client-common": "4.14.3",
        "@algolia/client-search": "4.14.3",
        "@algolia/requester-common": "4.14.3",
        "@algolia/transporter": "4.14.3"
      }
    },
    "node_modules/@algolia/client-common": {
      "version": "4.14.3",
      "resolved": "https://registry.npmjs.org/@algolia/client-common/-/client-common-4.14.3.tgz",
      "integrity": "sha512-jkPPDZdi63IK64Yg4WccdCsAP4pHxSkr4usplkUZM5C1l1oEpZXsy2c579LQ0rvwCs5JFmwfNG4ahOszidfWPw==",
      "license": "MIT",
      "dependencies": {
        "@algolia/requester-common": "4.14.3",
        "@algolia/transporter": "4.14.3"
      }
    },
    "node_modules/@algolia/client-personalization": {
      "version": "4.14.3",
      "resolved": "https://registry.npmjs.org/@algolia/client-personalization/-/client-personalization-4.14.3.tgz",
      "integrity": "sha512-UCX1MtkVNgaOL9f0e22x6tC9e2H3unZQlSUdnVaSKpZ+hdSChXGaRjp2UIT7pxmPqNCyv51F597KEX5WT60jNg==",
      "license": "MIT",
      "dependencies": {
        "@algolia/client-common": "4.14.3",
        "@algolia/requester-common": "4.14.3",
        "@algolia/transporter": "4.14.3"
      }
    },
    "node_modules/@algolia/client-search": {
      "version": "4.14.3",
      "resolved": "https://registry.npmjs.org/@algolia/client-search/-/client-search-4.14.3.tgz",
      "integrity": "sha512-I2U7xBx5OPFdPLA8AXKUPPxGY3HDxZ4r7+mlZ8ZpLbI8/ri6fnu6B4z3wcL7sgHhDYMwnAE8Xr0AB0h3Hnkp4A==",
      "license": "MIT",
      "dependencies": {
        "@algolia/client-common": "4.14.3",
        "@algolia/requester-common": "4.14.3",
        "@algolia/transporter": "4.14.3"
      }
    },
    "node_modules/@algolia/logger-common": {
      "version": "4.14.3",
      "resolved": "https://registry.npmjs.org/@algolia/logger-common/-/logger-common-4.14.3.tgz",
      "integrity": "sha512-kUEAZaBt/J3RjYi8MEBT2QEexJR2kAE2mtLmezsmqMQZTV502TkHCxYzTwY2dE7OKcUTxi4OFlMuS4GId9CWPw==",
      "license": "MIT"
    },
    "node_modules/@algolia/logger-console": {
      "version": "4.14.3",
      "resolved": "https://registry.npmjs.org/@algolia/logger-console/-/logger-console-4.14.3.tgz",
      "integrity": "sha512-ZWqAlUITktiMN2EiFpQIFCJS10N96A++yrexqC2Z+3hgF/JcKrOxOdT4nSCQoEPvU4Ki9QKbpzbebRDemZt/hw==",
      "license": "MIT",
      "dependencies": {
        "@algolia/logger-common": "4.14.3"
      }
    },
    "node_modules/@algolia/requester-browser-xhr": {
      "version": "4.14.3",
      "resolved": "https://registry.npmjs.org/@algolia/requester-browser-xhr/-/requester-browser-xhr-4.14.3.tgz",
      "integrity": "sha512-AZeg2T08WLUPvDncl2XLX2O67W5wIO8MNaT7z5ii5LgBTuk/rU4CikTjCe2xsUleIZeFl++QrPAi4Bdxws6r/Q==",
      "license": "MIT",
      "dependencies": {
        "@algolia/requester-common": "4.14.3"
      }
    },
    "node_modules/@algolia/requester-common": {
      "version": "4.14.3",
      "resolved": "https://registry.npmjs.org/@algolia/requester-common/-/requester-common-4.14.3.tgz",
      "integrity": "sha512-RrRzqNyKFDP7IkTuV3XvYGF9cDPn9h6qEDl595lXva3YUk9YSS8+MGZnnkOMHvjkrSCKfoLeLbm/T4tmoIeclw==",
      "license": "MIT"
    },
    "node_modules/@algolia/requester-node-http": {
      "version": "4.14.3",
      "resolved": "https://registry.npmjs.org/@algolia/requester-node-http/-/requester-node-http-4.14.3.tgz",
      "integrity": "sha512-O5wnPxtDRPuW2U0EaOz9rMMWdlhwP0J0eSL1Z7TtXF8xnUeeUyNJrdhV5uy2CAp6RbhM1VuC3sOJcIR6Av+vbA==",
      "license": "MIT",
      "dependencies": {
        "@algolia/requester-common": "4.14.3"
      }
    },
    "node_modules/@algolia/transporter": {
      "version": "4.14.3",
      "resolved": "https://registry.npmjs.org/@algolia/transporter/-/transporter-4.14.3.tgz",
      "integrity": "sha512-2qlKlKsnGJ008exFRb5RTeTOqhLZj0bkMCMVskxoqWejs2Q2QtWmsiH98hDfpw0fmnyhzHEt0Z7lqxBYp8bW2w==",
      "license": "MIT",
      "dependencies": {
        "@algolia/cache-common": "4.14.3",
        "@algolia/logger-common": "4.14.3",
        "@algolia/requester-common": "4.14.3"
      }
    },
    "node_modules/algoliasearch": {
      "version": "4.14.3",
      "resolved": "https://registry.npmjs.org/algoliasearch/-/algoliasearch-4.14.3.tgz",
      "integrity": "sha512-GZTEuxzfWbP/vr7ZJfGzIl8fOsoxN916Z6FY2Egc9q2TmZ6hvq5KfAxY89pPW01oW/2HDEKA8d30f9iAH9eXYg==",
      "license": "MIT",
      "dependencies": {
        "@algolia/cache-browser-local-storage": "4.14.3",
        "@algolia/cache-common": "4.14.3",
        "@algolia/cache-in-memory": "4.14.3",
        "@algolia/client-account": "4.14.3",
        "@algolia/client-analytics": "4.14.3",
        "@algolia/client-common": "4.14.3",
        "@algolia/client-personalization": "4.14.3",
        "@algolia/client-search": "4.14.3",
        "@algolia/logger-common": "4.14.3",
        "@algolia/logger-console": "4.14.3",
        "@algolia/requester-browser-xhr": "4.14.3",
        "@algolia/requester-common": "4.14.3",
        "@algolia/requester-node-http": "4.14.3",
        "@algolia/transporter": "4.14.3"
      }
    },
    "node_modules/boolbase": {
      "version": "1.0.0",
      "resolved": "https://registry.npmjs.org/boolbase/-/boolbase-1.0.0.tgz",
      "integrity": "sha512-JZOSA7Mo9sNGB8+UjSgzdLtokWAky1zbztM3WRLCbZ70/3cTANmQmOdR7y2g+J0e2WXywy1yS468tY+IruqEww==",
      "license": "ISC"
    },
    "node_modules/cheerio": {
      "version": "1.0.0",
      "resolved": "https://registry.npmjs.org/cheerio/-/cheerio-1.0.0.tgz",
      "integrity": "sha512-quS9HgjQpdaXOvsZz82Oz7uxtXiy6UIsIQcpBj7HRw2M63Skasm9qlDocAM7jNuaxdhpPU7c4kJN+gA5MCu4ww==",
      "license": "MIT",
      "dependencies": {
        "cheerio-select": "^2.1.0",
        "dom-serializer": "^2.0.0",
        "domhandler": "^5.0.3",
        "domutils": "^3.1.0",
        "encoding-sniffer": "^0.2.0",
        "htmlparser2": "^9.1.0",
        "parse5": "^7.1.2",
        "parse5-htmlparser2-tree-adapter": "^7.0.0",
        "parse5-parser-stream": "^7.1.2",
        "undici": "^6.19.5",
        "whatwg-mimetype": "^4.0.0"
      },
      "engines": {
        "node": ">=18.17"
      },
      "funding": {
        "url": "https://github.com/cheeriojs/cheerio?sponsor=1"
      }
    },
    "node_modules/cheerio-select": {
      "version": "2.1.0",
      "resolved": "https://registry.npmjs.org/cheerio-select/-/cheerio-select-2.1.0.tgz",
      "integrity": "sha512-9v9kG0LvzrlcungtnJtpGNxY+fzECQKhK4EGJX2vByejiMX84MFNQw4UxPJl3bFbTMw+Dfs37XaIkCwTZfLh4g==",
      "license": "BSD-2-Clause",
      "dependencies": {
        "boolbase": "^1.0.0",
        "css-select": "^5.1.0",
        "css-what": "^6.1.0",
        "domelementtype": "^2.3.0",
        "domhandler": "^5.0.3",
        "domutils": "^3.0.1"
      },
      "funding": {
        "url": "https://github.com/sponsors/fb55"
      }
    },
    "node_modules/css-select": {
      "version": "5.2.2",
      "resolved": "https://registry.npmjs.org/css-select/-/css-select-5.2.2.tgz",
      "integrity": "sha512-TizTzUddG/xYLA3NXodFM0fSbNizXjOKhqiQQwvhlspadZokn1KDy0NZFS0wuEubIYAV5/c1/lAr0TaaFXEXzw==",
      "license": "BSD-2-Clause",
      "dependencies": {
        "boolbase": "^1.0.0",
        "css-what": "^6.1.0",
        "domhandler": "^5.0.2",
        "domutils": "^3.0.1",
        "nth-check": "^2.0.1"
      },
      "funding": {
        "url": "https://github.com/sponsors/fb55"
      }
    },
    "node_modules/css-what": {
      "version": "6.2.2",
      "resolved": "https://registry.npmjs.org/css-what/-/css-what-6.2.2.tgz",
      "integrity": "sha512-u/O3vwbptzhMs3L1fQE82ZSLHQQfto5gyZzwteVIEyeaY5Fc7R4dapF/BvRoSYFeqfBk4m0V1Vafq5Pjv25wvA==",
      "license": "BSD-2-Clause",
      "engines": {
        "node": ">= 6"
      },
      "funding": {
        "url": "https://github.com/sponsors/fb55"
      }
    },
    "node_modules/dom-serializer": {
      "version": "2.0.0",
      "resolved": "https://registry.npmjs.org/dom-serializer/-/dom-serializer-2.0.0.tgz",
      "integrity": "sha512-wIkAryiqt/nV5EQKqQpo3SToSOV9J0DnbJqwK7Wv/Trc92zIAYZ4FlMu+JPFW1DfGFt81ZTCGgDEabffXeLyJg==",
      "license": "MIT",
      "dependencies": {
        "domelementtype": "^2.3.0",
        "domhandler": "^5.0.2",
        "entities": "^4.2.0"
      },
      "funding": {
        "url": "https://github.com/cheeriojs/dom-serializer?sponsor=1"
      }
    },
    "node_modules/domelementtype": {
      "version": "2.3.0",
      "resolved": "https://registry.npmjs.org/domelementtype/-/domelementtype-2.3.0.tgz",
      "integrity": "sha512-OLETBj6w0OsagBwdXnPdN0cnMfF9opN69co+7ZrbfPGrdpPVNBUj02spi6B1N7wChLQiPn4CSH/zJvXw56gmHw==",
      "funding": [
        {
          "type": "github",
          "url": "https://github.com/sponsors/fb55"
        }
      ],
      "license": "BSD-2-Clause"
    },
    "node_modules/domhandler": {
      "version": "5.0.3",
      "resolved": "https://registry.npmjs.org/domhandler/-/domhandler-5.0.3.tgz",
      "integrity": "sha512-cgwlv/1iFQiFnU96XXgROh8xTeetsnJiDsTc7TYCLFd9+/WNkIqPTxiM/8pSd8VIrhXGTf1Ny1q1hquVqDJB5w==",
      "license": "BSD-2-Clause",
      "dependencies": {
        "domelementtype": "^2.3.0"
      },
      "engines": {
        "node": ">= 4"
      },
      "funding": {
        "url": "https://github.com/fb55/domhandler?sponsor=1"
      }
    },
    "node_modules/domutils": {
      "version": "3.2.2",
      "resolved": "https://registry.npmjs.org/domutils/-/domutils-3.2.2.tgz",
      "integrity": "sha512-6kZKyUajlDuqlHKVX1w7gyslj9MPIXzIFiz/rGu35uC1wMi+kMhQwGhl4lt9unC9Vb9INnY9Z3/ZA3+FhASLaw==",
      "license": "BSD-2-Clause",
      "dependencies": {
        "dom-serializer": "^2.0.0",
        "domelementtype": "^2.3.0",
        "domhandler": "^5.0.3"
      },
      "funding": {
        "url": "https://github.com/fb55/domutils?sponsor=1"
      }
    },
    "node_modules/encoding-sniffer": {
      "version": "0.2.1",
      "resolved": "https://registry.npmjs.org/encoding-sniffer/-/encoding-sniffer-0.2.1.tgz",
      "integrity": "sha512-5gvq20T6vfpekVtqrYQsSCFZ1wEg5+wW0/QaZMWkFr6BqD3NfKs0rLCx4rrVlSWJeZb5NBJgVLswK/w2MWU+Gw==",
      "license": "MIT",
      "dependencies": {
        "iconv-lite": "^0.6.3",
        "whatwg-encoding": "^3.1.1"
      },
      "funding": {
        "url": "https://github.com/fb55/encoding-sniffer?sponsor=1"
      }
    },
    "node_modules/entities": {
      "version": "4.5.0",
      "resolved": "https://registry.npmjs.org/entities/-/entities-4.5.0.tgz",
      "integrity": "sha512-V0hjH4dGPh9Ao5p0MoRY6BVqtwCjhz6vI5LT8AJ55H+4g9/4vbHx1I54fS0XuclLhDHArPQCiMjDxjaL8fPxhw==",
      "license": "BSD-2-Clause",
      "engines": {
        "node": ">=0.12"
      },
      "funding": {
        "url": "https://github.com/fb55/entities?sponsor=1"
      }
    },
    "node_modules/htmlparser2": {
      "version": "9.1.0",
      "resolved": "https://registry.npmjs.org/htmlparser2/-/htmlparser2-9.1.0.tgz",
      "integrity": "sha512-5zfg6mHUoaer/97TxnGpxmbR7zJtPwIYFMZ/H5ucTlPZhKvtum05yiPK3Mgai3a0DyVxv7qYqoweaEd2nrYQzQ==",
      "funding": [
        "https://github.com/fb55/htmlparser2?sponsor=1",
        {
          "type": "github",
          "url": "https://github.com/sponsors/fb55"
        }
      ],
      "license": "MIT",
      "dependencies": {
        "domelementtype": "^2.3.0",
        "domhandler": "^5.0.3",
        "domutils": "^3.1.0",
        "entities": "^4.5.0"
      }
    },
    "node_modules/iconv-lite": {
      "version": "0.6.3",
      "resolved": "https://registry.npmjs.org/iconv-lite/-/iconv-lite-0.6.3.tgz",
      "integrity": "sha512-4fCk79wshMdzMp2rH06qWrJE4iolqLhCUH+OiuIgU++RB0+94NlDL81atO7GX55uUKueo0txHNtvEyI6D7WdMw==",
      "license": "MIT",
      "dependencies": {
        "safer-buffer": ">= 2.1.2 < 3.0.0"
      },
      "engines": {
        "node": ">=0.10.0"
      }
    },
    "node_modules/nth-check": {
      "version": "2.1.1",
      "resolved": "https://registry.npmjs.org/nth-check/-/nth-check-2.1.1.tgz",
      "integrity": "sha512-lqjrjmaOoAnWfMmBPL+XNnynZh2+swxiX3WUE0s4yEHI6m+AwrK2UZOimIRl3X/4QctVqS8AiZjFqyOGrMXb/w==",
      "license": "BSD-2-Clause",
      "dependencies": {
        "boolbase": "^1.0.0"
      },
      "funding": {
        "url": "https://github.com/fb55/nth-check?sponsor=1"
      }
    },
    "node_modules/parse5": {
      "version": "7.3.0",
      "resolved": "https://registry.npmjs.org/parse5/-/parse5-7.3.0.tgz",
      "integrity": "sha512-IInvU7fabl34qmi9gY8XOVxhYyMyuH2xUNpb2q8/Y+7552KlejkRvqvD19nMoUW/uQGGbqNpA6Tufu5FL5BZgw==",
      "license": "MIT",
      "dependencies": {
        "entities": "^6.0.0"
      },
      "funding": {
        "url": "https://github.com/inikulin/parse5?sponsor=1"
      }
    },
    "node_modules/parse5-htmlparser2-tree-adapter": {
      "version": "7.1.0",
      "resolved": "https://registry.npmjs.org/parse5-htmlparser2-tree-adapter/-/parse5-htmlparser2-tree-adapter-7.1.0.tgz",
      "integrity": "sha512-ruw5xyKs6lrpo9x9rCZqZZnIUntICjQAd0Wsmp396Ul9lN/h+ifgVV1x1gZHi8euej6wTfpqX8j+BFQxF0NS/g==",
      "license": "MIT",
      "dependencies": {
        "domhandler": "^5.0.3",
        "parse5": "^7.0.0"
      },
      "funding": {
        "url": "https://github.com/inikulin/parse5?sponsor=1"
      }
    },
    "node_modules/parse5-parser-stream": {
      "version": "7.1.2",
      "resolved": "https://registry.npmjs.org/parse5-parser-stream/-/parse5-parser-stream-7.1.2.tgz",
      "integrity": "sha512-JyeQc9iwFLn5TbvvqACIF/VXG6abODeB3Fwmv/TGdLk2LfbWkaySGY72at4+Ty7EkPZj854u4CrICqNk2qIbow==",
      "license": "MIT",
      "dependencies": {
        "parse5": "^7.0.0"
      },
      "funding": {
        "url": "https://github.com/inikulin/parse5?sponsor=1"
      }
    },
    "node_modules/parse5/node_modules/entities": {
      "version": "6.0.1",
      "resolved": "https://registry.npmjs.org/entities/-/entities-6.0.1.tgz",
      "integrity": "sha512-aN97NXWF6AWBTahfVOIrB/NShkzi5H7F9r1s9mD3cDj4Ko5f2qhhVoYMibXF7GlLveb/D2ioWay8lxI97Ven3g==",
      "license": "BSD-2-Clause",
      "engines": {
        "node": ">=0.12"
      },
      "funding": {
        "url": "https://github.com/fb55/entities?sponsor=1"
      }
    },
    "node_modules/safer-buffer": {
      "version": "2.1.2",
      "resolved": "https://registry.npmjs.org/safer-buffer/-/safer-buffer-2.1.2.tgz",
      "integrity": "sha512-YZo3K82SD7Riyi0E1EQPojLz7kpepnSQI9IyPbHHg1XXXevb5dJI7tpyN2ADxGcQbHG7vcyRHk0cbwqcQriUtg==",
      "license": "MIT"
    },
    "node_modules/undici": {
      "version": "6.21.3",
      "resolved": "https://registry.npmjs.org/undici/-/undici-6.21.3.tgz",
      "integrity": "sha512-gBLkYIlEnSp8pFbT64yFgGE6UIB9tAkhukC23PmMDCe5Nd+cRqKxSjw5y54MK2AZMgZfJWMaNE4nYUHgi1XEOw==",
      "license": "MIT",
      "engines": {
        "node": ">=18.17"
      }
    },
    "node_modules/whatwg-encoding": {
      "version": "3.1.1",
      "resolved": "https://registry.npmjs.org/whatwg-encoding/-/whatwg-encoding-3.1.1.tgz",
      "integrity": "sha512-6qN4hJdMwfYBtE3YBTTHhoeuUrDBPZmbQaxWAqSALV/MeEnR5z1xd8UKud2RAkFoPkmB+hli1TZSnyi84xz1vQ==",
      "license": "MIT",
      "dependencies": {
        "iconv-lite": "0.6.3"
      },
      "engines": {
        "node": ">=18"
      }
    },
    "node_modules/whatwg-mimetype": {
      "version": "4.0.0",
      "resolved": "https://registry.npmjs.org/whatwg-mimetype/-/whatwg-mimetype-4.0.0.tgz",
      "integrity": "sha512-QaKxh0eNIi2mE9p2vEdzfagOKHCcj1pJ56EEHGQOVxp8r9/iszLUUV7v89x9O1p/T+NlTM5W7jW6+cz4Fq1YVg==",
      "license": "MIT",
      "engines": {
        "node": ">=18"
      }
    }
  }
}
